
Microsoft Visual Studio Solution File, Format Version 12.00
# Visual Studio 14
VisualStudioVersion = 14.0.25420.1
MinimumVisualStudioVersion = 10.0.40219.1
Project("{FAE04EC0-301F-11D3-BF4B-00C04F79EFBC}") = "Sirha", "Sirha\Sirha\Sirha.csproj", "{9A352BFD-473E-42E4-B616-15156E0CAE51}"
EndProject
Project("{FAE04EC0-301F-11D3-BF4B-00C04F79EFBC}") = "Sirha.Droid", "Sirha\Sirha.Droid\Sirha.Droid.csproj", "{8612DD6B-047E-456F-B352-3A0952BAE521}"
EndProject
Project("{FAE04EC0-301F-11D3-BF4B-00C04F79EFBC}") = "Sirha.iOS", "Sirha\Sirha.iOS\Sirha.iOS.csproj", "{470AC750-9B99-49B4-AED7-4F4074475F44}"
EndProject
Project("{FAE04EC0-301F-11D3-BF4B-00C04F79EFBC}") = "Sirha.WinPhone", "Sirha\Sirha.WinPhone\Sirha.WinPhone.csproj", "{3707C78C-DF18-4A32-ADD3-E26B81459DDB}"
EndProject
Project("{FAE04EC0-301F-11D3-BF4B-00C04F79EFBC}") = "Sirha.UWP", "Sirha\Sirha.UWP\Sirha.UWP.csproj", "{BFC3CD72-B413-4665-B990-6AE901B3DA63}"
EndProject
Project("{FAE04EC0-301F-11D3-BF4B-00C04F79EFBC}") = "Sirha.Windows", "Sirha\Sirha.Windows\Sirha.Windows.csproj", "{5DBEF5EB-EF74-462A-9C9A-66BAC58F337A}"
EndProject
Project("{FAE04EC0-301F-11D3-BF4B-00C04F79EFBC}") = "Sirha.UITest", "Sirha.UITest\Sirha.UITest.csproj", "{4311D894-4CF3-473B-997C-C05B74C128A6}"
EndProject
Project("{2150E333-8FDC-42A3-9474-1A3956D46DE8}") = "Tests", "Tests", "{A2E15D90-72CF-44C8-8B32-D0EB31C5F0BF}"
EndProject
Project("{FAE04EC0-301F-11D3-BF4B-00C04F79EFBC}") = "Sirha.UnitTest", "Sirha.UnitTest\Sirha.UnitTest.csproj", "{B38A707A-D223-4CC0-A468-BA7AEAC1B08C}"
EndProject
Global
	GlobalSection(SolutionConfigurationPlatforms) = preSolution
		Ad-Hoc|Any CPU = Ad-Hoc|Any CPU
		Ad-Hoc|ARM = Ad-Hoc|ARM
		Ad-Hoc|iPhone = Ad-Hoc|iPhone
		Ad-Hoc|iPhoneSimulator = Ad-Hoc|iPhoneSimulator
		Ad-Hoc|x64 = Ad-Hoc|x64
		Ad-Hoc|x86 = Ad-Hoc|x86
		AppStore|Any CPU = AppStore|Any CPU
		AppStore|ARM = AppStore|ARM
		AppStore|iPhone = AppStore|iPhone
		AppStore|iPhoneSimulator = AppStore|iPhoneSimulator
		AppStore|x64 = AppStore|x64
		AppStore|x86 = AppStore|x86
		Debug|Any CPU = Debug|Any CPU
		Debug|ARM = Debug|ARM
		Debug|iPhone = Debug|iPhone
		Debug|iPhoneSimulator = Debug|iPhoneSimulator
		Debug|x64 = Debug|x64
		Debug|x86 = Debug|x86
		Release|Any CPU = Release|Any CPU
		Release|ARM = Release|ARM
		Release|iPhone = Release|iPhone
		Release|iPhoneSimulator = Release|iPhoneSimulator
		Release|x64 = Release|x64
		Release|x86 = Release|x86
	EndGlobalSection
	GlobalSection(ProjectConfigurationPlatforms) = postSolution
		{9A352BFD-473E-42E4-B616-15156E0CAE51}.Ad-Hoc|Any CPU.ActiveCfg = Release|Any CPU
		{9A352BFD-473E-42E4-B616-15156E0CAE51}.Ad-Hoc|Any CPU.Build.0 = Release|Any CPU
		{9A352BFD-473E-42E4-B616-15156E0CAE51}.Ad-Hoc|ARM.ActiveCfg = Release|Any CPU
		{9A352BFD-473E-42E4-B616-15156E0CAE51}.Ad-Hoc|ARM.Build.0 = Release|Any CPU
		{9A352BFD-473E-42E4-B616-15156E0CAE51}.Ad-Hoc|iPhone.ActiveCfg = Release|Any CPU
		{9A352BFD-473E-42E4-B616-15156E0CAE51}.Ad-Hoc|iPhone.Build.0 = Release|Any CPU
		{9A352BFD-473E-42E4-B616-15156E0CAE51}.Ad-Hoc|iPhoneSimulator.ActiveCfg = Release|Any CPU
		{9A352BFD-473E-42E4-B616-15156E0CAE51}.Ad-Hoc|iPhoneSimulator.Build.0 = Release|Any CPU
		{9A352BFD-473E-42E4-B616-15156E0CAE51}.Ad-Hoc|x64.ActiveCfg = Release|Any CPU
		{9A352BFD-473E-42E4-B616-15156E0CAE51}.Ad-Hoc|x64.Build.0 = Release|Any CPU
		{9A352BFD-473E-42E4-B616-15156E0CAE51}.Ad-Hoc|x86.ActiveCfg = Release|Any CPU
		{9A352BFD-473E-42E4-B616-15156E0CAE51}.Ad-Hoc|x86.Build.0 = Release|Any CPU
		{9A352BFD-473E-42E4-B616-15156E0CAE51}.AppStore|Any CPU.ActiveCfg = Release|Any CPU
		{9A352BFD-473E-42E4-B616-15156E0CAE51}.AppStore|Any CPU.Build.0 = Release|Any CPU
		{9A352BFD-473E-42E4-B616-15156E0CAE51}.AppStore|ARM.ActiveCfg = Release|Any CPU
		{9A352BFD-473E-42E4-B616-15156E0CAE51}.AppStore|ARM.Build.0 = Release|Any CPU
		{9A352BFD-473E-42E4-B616-15156E0CAE51}.AppStore|iPhone.ActiveCfg = Release|Any CPU
		{9A352BFD-473E-42E4-B616-15156E0CAE51}.AppStore|iPhone.Build.0 = Release|Any CPU
		{9A352BFD-473E-42E4-B616-15156E0CAE51}.AppStore|iPhoneSimulator.ActiveCfg = Release|Any CPU
		{9A352BFD-473E-42E4-B616-15156E0CAE51}.AppStore|iPhoneSimulator.Build.0 = Release|Any CPU
		{9A352BFD-473E-42E4-B616-15156E0CAE51}.AppStore|x64.ActiveCfg = Release|Any CPU
		{9A352BFD-473E-42E4-B616-15156E0CAE51}.AppStore|x64.Build.0 = Release|Any CPU
		{9A352BFD-473E-42E4-B616-15156E0CAE51}.AppStore|x86.ActiveCfg = Release|Any CPU
		{9A352BFD-473E-42E4-B616-15156E0CAE51}.AppStore|x86.Build.0 = Release|Any CPU
		{9A352BFD-473E-42E4-B616-15156E0CAE51}.Debug|Any CPU.ActiveCfg = Debug|Any CPU
		{9A352BFD-473E-42E4-B616-15156E0CAE51}.Debug|Any CPU.Build.0 = Debug|Any CPU
		{9A352BFD-473E-42E4-B616-15156E0CAE51}.Debug|ARM.ActiveCfg = Debug|Any CPU
		{9A352BFD-473E-42E4-B616-15156E0CAE51}.Debug|ARM.Build.0 = Debug|Any CPU
		{9A352BFD-473E-42E4-B616-15156E0CAE51}.Debug|iPhone.ActiveCfg = Debug|Any CPU
		{9A352BFD-473E-42E4-B616-15156E0CAE51}.Debug|iPhone.Build.0 = Debug|Any CPU
		{9A352BFD-473E-42E4-B616-15156E0CAE51}.Debug|iPhoneSimulator.ActiveCfg = Debug|Any CPU
		{9A352BFD-473E-42E4-B616-15156E0CAE51}.Debug|iPhoneSimulator.Build.0 = Debug|Any CPU
		{9A352BFD-473E-42E4-B616-15156E0CAE51}.Debug|x64.ActiveCfg = Debug|Any CPU
		{9A352BFD-473E-42E4-B616-15156E0CAE51}.Debug|x64.Build.0 = Debug|Any CPU
		{9A352BFD-473E-42E4-B616-15156E0CAE51}.Debug|x86.ActiveCfg = Debug|Any CPU
		{9A352BFD-473E-42E4-B616-15156E0CAE51}.Debug|x86.Build.0 = Debug|Any CPU
		{9A352BFD-473E-42E4-B616-15156E0CAE51}.Release|Any CPU.ActiveCfg = Release|Any CPU
		{9A352BFD-473E-42E4-B616-15156E0CAE51}.Release|Any CPU.Build.0 = Release|Any CPU
		{9A352BFD-473E-42E4-B616-15156E0CAE51}.Release|ARM.ActiveCfg = Release|Any CPU
		{9A352BFD-473E-42E4-B616-15156E0CAE51}.Release|ARM.Build.0 = Release|Any CPU
		{9A352BFD-473E-42E4-B616-15156E0CAE51}.Release|iPhone.ActiveCfg = Release|Any CPU
		{9A352BFD-473E-42E4-B616-15156E0CAE51}.Release|iPhone.Build.0 = Release|Any CPU
		{9A352BFD-473E-42E4-B616-15156E0CAE51}.Release|iPhoneSimulator.ActiveCfg = Release|Any CPU
		{9A352BFD-473E-42E4-B616-15156E0CAE51}.Release|iPhoneSimulator.Build.0 = Release|Any CPU
		{9A352BFD-473E-42E4-B616-15156E0CAE51}.Release|x64.ActiveCfg = Release|Any CPU
		{9A352BFD-473E-42E4-B616-15156E0CAE51}.Release|x64.Build.0 = Release|Any CPU
		{9A352BFD-473E-42E4-B616-15156E0CAE51}.Release|x86.ActiveCfg = Release|Any CPU
		{9A352BFD-473E-42E4-B616-15156E0CAE51}.Release|x86.Build.0 = Release|Any CPU
		{8612DD6B-047E-456F-B352-3A0952BAE521}.Ad-Hoc|Any CPU.ActiveCfg = Release|Any CPU
		{8612DD6B-047E-456F-B352-3A0952BAE521}.Ad-Hoc|Any CPU.Build.0 = Release|Any CPU
		{8612DD6B-047E-456F-B352-3A0952BAE521}.Ad-Hoc|Any CPU.Deploy.0 = Release|Any CPU
		{8612DD6B-047E-456F-B352-3A0952BAE521}.Ad-Hoc|ARM.ActiveCfg = Release|Any CPU
		{8612DD6B-047E-456F-B352-3A0952BAE521}.Ad-Hoc|ARM.Build.0 = Release|Any CPU
		{8612DD6B-047E-456F-B352-3A0952BAE521}.Ad-Hoc|ARM.Deploy.0 = Release|Any CPU
		{8612DD6B-047E-456F-B352-3A0952BAE521}.Ad-Hoc|iPhone.ActiveCfg = Release|Any CPU
		{8612DD6B-047E-456F-B352-3A0952BAE521}.Ad-Hoc|iPhone.Build.0 = Release|Any CPU
		{8612DD6B-047E-456F-B352-3A0952BAE521}.Ad-Hoc|iPhone.Deploy.0 = Release|Any CPU
		{8612DD6B-047E-456F-B352-3A0952BAE521}.Ad-Hoc|iPhoneSimulator.ActiveCfg = Release|Any CPU
		{8612DD6B-047E-456F-B352-3A0952BAE521}.Ad-Hoc|iPhoneSimulator.Build.0 = Release|Any CPU
		{8612DD6B-047E-456F-B352-3A0952BAE521}.Ad-Hoc|iPhoneSimulator.Deploy.0 = Release|Any CPU
		{8612DD6B-047E-456F-B352-3A0952BAE521}.Ad-Hoc|x64.ActiveCfg = Release|Any CPU
		{8612DD6B-047E-456F-B352-3A0952BAE521}.Ad-Hoc|x64.Build.0 = Release|Any CPU
		{8612DD6B-047E-456F-B352-3A0952BAE521}.Ad-Hoc|x64.Deploy.0 = Release|Any CPU
		{8612DD6B-047E-456F-B352-3A0952BAE521}.Ad-Hoc|x86.ActiveCfg = Release|Any CPU
		{8612DD6B-047E-456F-B352-3A0952BAE521}.Ad-Hoc|x86.Build.0 = Release|Any CPU
		{8612DD6B-047E-456F-B352-3A0952BAE521}.Ad-Hoc|x86.Deploy.0 = Release|Any CPU
		{8612DD6B-047E-456F-B352-3A0952BAE521}.AppStore|Any CPU.ActiveCfg = Release|Any CPU
		{8612DD6B-047E-456F-B352-3A0952BAE521}.AppStore|Any CPU.Build.0 = Release|Any CPU
		{8612DD6B-047E-456F-B352-3A0952BAE521}.AppStore|Any CPU.Deploy.0 = Release|Any CPU
		{8612DD6B-047E-456F-B352-3A0952BAE521}.AppStore|ARM.ActiveCfg = Release|Any CPU
		{8612DD6B-047E-456F-B352-3A0952BAE521}.AppStore|ARM.Build.0 = Release|Any CPU
		{8612DD6B-047E-456F-B352-3A0952BAE521}.AppStore|ARM.Deploy.0 = Release|Any CPU
		{8612DD6B-047E-456F-B352-3A0952BAE521}.AppStore|iPhone.ActiveCfg = Release|Any CPU
		{8612DD6B-047E-456F-B352-3A0952BAE521}.AppStore|iPhone.Build.0 = Release|Any CPU
		{8612DD6B-047E-456F-B352-3A0952BAE521}.AppStore|iPhone.Deploy.0 = Release|Any CPU
		{8612DD6B-047E-456F-B352-3A0952BAE521}.AppStore|iPhoneSimulator.ActiveCfg = Release|Any CPU
		{8612DD6B-047E-456F-B352-3A0952BAE521}.AppStore|iPhoneSimulator.Build.0 = Release|Any CPU
		{8612DD6B-047E-456F-B352-3A0952BAE521}.AppStore|iPhoneSimulator.Deploy.0 = Release|Any CPU
		{8612DD6B-047E-456F-B352-3A0952BAE521}.AppStore|x64.ActiveCfg = Release|Any CPU
		{8612DD6B-047E-456F-B352-3A0952BAE521}.AppStore|x64.Build.0 = Release|Any CPU
		{8612DD6B-047E-456F-B352-3A0952BAE521}.AppStore|x64.Deploy.0 = Release|Any CPU
		{8612DD6B-047E-456F-B352-3A0952BAE521}.AppStore|x86.ActiveCfg = Release|Any CPU
		{8612DD6B-047E-456F-B352-3A0952BAE521}.AppStore|x86.Build.0 = Release|Any CPU
		{8612DD6B-047E-456F-B352-3A0952BAE521}.AppStore|x86.Deploy.0 = Release|Any CPU
		{8612DD6B-047E-456F-B352-3A0952BAE521}.Debug|Any CPU.ActiveCfg = Debug|Any CPU
		{8612DD6B-047E-456F-B352-3A0952BAE521}.Debug|Any CPU.Build.0 = Debug|Any CPU
		{8612DD6B-047E-456F-B352-3A0952BAE521}.Debug|Any CPU.Deploy.0 = Debug|Any CPU
		{8612DD6B-047E-456F-B352-3A0952BAE521}.Debug|ARM.ActiveCfg = Debug|Any CPU
		{8612DD6B-047E-456F-B352-3A0952BAE521}.Debug|ARM.Build.0 = Debug|Any CPU
		{8612DD6B-047E-456F-B352-3A0952BAE521}.Debug|ARM.Deploy.0 = Debug|Any CPU
		{8612DD6B-047E-456F-B352-3A0952BAE521}.Debug|iPhone.ActiveCfg = Debug|Any CPU
		{8612DD6B-047E-456F-B352-3A0952BAE521}.Debug|iPhone.Build.0 = Debug|Any CPU
		{8612DD6B-047E-456F-B352-3A0952BAE521}.Debug|iPhone.Deploy.0 = Debug|Any CPU
		{8612DD6B-047E-456F-B352-3A0952BAE521}.Debug|iPhoneSimulator.ActiveCfg = Debug|Any CPU
		{8612DD6B-047E-456F-B352-3A0952BAE521}.Debug|iPhoneSimulator.Build.0 = Debug|Any CPU
		{8612DD6B-047E-456F-B352-3A0952BAE521}.Debug|iPhoneSimulator.Deploy.0 = Debug|Any CPU
		{8612DD6B-047E-456F-B352-3A0952BAE521}.Debug|x64.ActiveCfg = Debug|Any CPU
		{8612DD6B-047E-456F-B352-3A0952BAE521}.Debug|x64.Build.0 = Debug|Any CPU
		{8612DD6B-047E-456F-B352-3A0952BAE521}.Debug|x64.Deploy.0 = Debug|Any CPU
		{8612DD6B-047E-456F-B352-3A0952BAE521}.Debug|x86.ActiveCfg = Debug|Any CPU
		{8612DD6B-047E-456F-B352-3A0952BAE521}.Debug|x86.Build.0 = Debug|Any CPU
		{8612DD6B-047E-456F-B352-3A0952BAE521}.Debug|x86.Deploy.0 = Debug|Any CPU
		{8612DD6B-047E-456F-B352-3A0952BAE521}.Release|Any CPU.ActiveCfg = Release|Any CPU
		{8612DD6B-047E-456F-B352-3A0952BAE521}.Release|Any CPU.Build.0 = Release|Any CPU
		{8612DD6B-047E-456F-B352-3A0952BAE521}.Release|Any CPU.Deploy.0 = Release|Any CPU
		{8612DD6B-047E-456F-B352-3A0952BAE521}.Release|ARM.ActiveCfg = Release|Any CPU
		{8612DD6B-047E-456F-B352-3A0952BAE521}.Release|ARM.Build.0 = Release|Any CPU
		{8612DD6B-047E-456F-B352-3A0952BAE521}.Release|ARM.Deploy.0 = Release|Any CPU
		{8612DD6B-047E-456F-B352-3A0952BAE521}.Release|iPhone.ActiveCfg = Release|Any CPU
		{8612DD6B-047E-456F-B352-3A0952BAE521}.Release|iPhone.Build.0 = Release|Any CPU
		{8612DD6B-047E-456F-B352-3A0952BAE521}.Release|iPhone.Deploy.0 = Release|Any CPU
		{8612DD6B-047E-456F-B352-3A0952BAE521}.Release|iPhoneSimulator.ActiveCfg = Release|Any CPU
		{8612DD6B-047E-456F-B352-3A0952BAE521}.Release|iPhoneSimulator.Build.0 = Release|Any CPU
		{8612DD6B-047E-456F-B352-3A0952BAE521}.Release|iPhoneSimulator.Deploy.0 = Release|Any CPU
		{8612DD6B-047E-456F-B352-3A0952BAE521}.Release|x64.ActiveCfg = Release|Any CPU
		{8612DD6B-047E-456F-B352-3A0952BAE521}.Release|x64.Build.0 = Release|Any CPU
		{8612DD6B-047E-456F-B352-3A0952BAE521}.Release|x64.Deploy.0 = Release|Any CPU
		{8612DD6B-047E-456F-B352-3A0952BAE521}.Release|x86.ActiveCfg = Release|Any CPU
		{8612DD6B-047E-456F-B352-3A0952BAE521}.Release|x86.Build.0 = Release|Any CPU
		{8612DD6B-047E-456F-B352-3A0952BAE521}.Release|x86.Deploy.0 = Release|Any CPU
		{470AC750-9B99-49B4-AED7-4F4074475F44}.Ad-Hoc|Any CPU.ActiveCfg = Ad-Hoc|iPhone
		{470AC750-9B99-49B4-AED7-4F4074475F44}.Ad-Hoc|ARM.ActiveCfg = Ad-Hoc|iPhone
		{470AC750-9B99-49B4-AED7-4F4074475F44}.Ad-Hoc|iPhone.ActiveCfg = Ad-Hoc|iPhone
		{470AC750-9B99-49B4-AED7-4F4074475F44}.Ad-Hoc|iPhone.Build.0 = Ad-Hoc|iPhone
		{470AC750-9B99-49B4-AED7-4F4074475F44}.Ad-Hoc|iPhoneSimulator.ActiveCfg = Ad-Hoc|iPhoneSimulator
		{470AC750-9B99-49B4-AED7-4F4074475F44}.Ad-Hoc|iPhoneSimulator.Build.0 = Ad-Hoc|iPhoneSimulator
		{470AC750-9B99-49B4-AED7-4F4074475F44}.Ad-Hoc|x64.ActiveCfg = Ad-Hoc|iPhone
		{470AC750-9B99-49B4-AED7-4F4074475F44}.Ad-Hoc|x86.ActiveCfg = Ad-Hoc|iPhone
		{470AC750-9B99-49B4-AED7-4F4074475F44}.AppStore|Any CPU.ActiveCfg = AppStore|iPhone
		{470AC750-9B99-49B4-AED7-4F4074475F44}.AppStore|ARM.ActiveCfg = AppStore|iPhone
		{470AC750-9B99-49B4-AED7-4F4074475F44}.AppStore|iPhone.ActiveCfg = AppStore|iPhone
		{470AC750-9B99-49B4-AED7-4F4074475F44}.AppStore|iPhone.Build.0 = AppStore|iPhone
		{470AC750-9B99-49B4-AED7-4F4074475F44}.AppStore|iPhoneSimulator.ActiveCfg = AppStore|iPhoneSimulator
		{470AC750-9B99-49B4-AED7-4F4074475F44}.AppStore|iPhoneSimulator.Build.0 = AppStore|iPhoneSimulator
		{470AC750-9B99-49B4-AED7-4F4074475F44}.AppStore|x64.ActiveCfg = AppStore|iPhone
		{470AC750-9B99-49B4-AED7-4F4074475F44}.AppStore|x86.ActiveCfg = AppStore|iPhone
		{470AC750-9B99-49B4-AED7-4F4074475F44}.Debug|Any CPU.ActiveCfg = Debug|iPhone
		{470AC750-9B99-49B4-AED7-4F4074475F44}.Debug|ARM.ActiveCfg = Debug|iPhone
		{470AC750-9B99-49B4-AED7-4F4074475F44}.Debug|iPhone.ActiveCfg = Debug|iPhone
		{470AC750-9B99-49B4-AED7-4F4074475F44}.Debug|iPhone.Build.0 = Debug|iPhone
		{470AC750-9B99-49B4-AED7-4F4074475F44}.Debug|iPhoneSimulator.ActiveCfg = Debug|iPhoneSimulator
		{470AC750-9B99-49B4-AED7-4F4074475F44}.Debug|iPhoneSimulator.Build.0 = Debug|iPhoneSimulator
		{470AC750-9B99-49B4-AED7-4F4074475F44}.Debug|x64.ActiveCfg = Debug|iPhone
		{470AC750-9B99-49B4-AED7-4F4074475F44}.Debug|x86.ActiveCfg = Debug|iPhone
		{470AC750-9B99-49B4-AED7-4F4074475F44}.Release|Any CPU.ActiveCfg = Release|iPhone
		{470AC750-9B99-49B4-AED7-4F4074475F44}.Release|ARM.ActiveCfg = Release|iPhone
		{470AC750-9B99-49B4-AED7-4F4074475F44}.Release|iPhone.ActiveCfg = Release|iPhone
		{470AC750-9B99-49B4-AED7-4F4074475F44}.Release|iPhone.Build.0 = Release|iPhone
		{470AC750-9B99-49B4-AED7-4F4074475F44}.Release|iPhoneSimulator.ActiveCfg = Release|iPhoneSimulator
		{470AC750-9B99-49B4-AED7-4F4074475F44}.Release|iPhoneSimulator.Build.0 = Release|iPhoneSimulator
		{470AC750-9B99-49B4-AED7-4F4074475F44}.Release|x64.ActiveCfg = Release|iPhone
		{470AC750-9B99-49B4-AED7-4F4074475F44}.Release|x86.ActiveCfg = Release|iPhone
		{3707C78C-DF18-4A32-ADD3-E26B81459DDB}.Ad-Hoc|Any CPU.ActiveCfg = Release|Any CPU
		{3707C78C-DF18-4A32-ADD3-E26B81459DDB}.Ad-Hoc|Any CPU.Build.0 = Release|Any CPU
		{3707C78C-DF18-4A32-ADD3-E26B81459DDB}.Ad-Hoc|Any CPU.Deploy.0 = Release|Any CPU
		{3707C78C-DF18-4A32-ADD3-E26B81459DDB}.Ad-Hoc|ARM.ActiveCfg = Release|ARM
		{3707C78C-DF18-4A32-ADD3-E26B81459DDB}.Ad-Hoc|ARM.Build.0 = Release|ARM
		{3707C78C-DF18-4A32-ADD3-E26B81459DDB}.Ad-Hoc|ARM.Deploy.0 = Release|ARM
		{3707C78C-DF18-4A32-ADD3-E26B81459DDB}.Ad-Hoc|iPhone.ActiveCfg = Release|Any CPU
		{3707C78C-DF18-4A32-ADD3-E26B81459DDB}.Ad-Hoc|iPhone.Build.0 = Release|Any CPU
		{3707C78C-DF18-4A32-ADD3-E26B81459DDB}.Ad-Hoc|iPhone.Deploy.0 = Release|Any CPU
		{3707C78C-DF18-4A32-ADD3-E26B81459DDB}.Ad-Hoc|iPhoneSimulator.ActiveCfg = Release|Any CPU
		{3707C78C-DF18-4A32-ADD3-E26B81459DDB}.Ad-Hoc|iPhoneSimulator.Build.0 = Release|Any CPU
		{3707C78C-DF18-4A32-ADD3-E26B81459DDB}.Ad-Hoc|iPhoneSimulator.Deploy.0 = Release|Any CPU
		{3707C78C-DF18-4A32-ADD3-E26B81459DDB}.Ad-Hoc|x64.ActiveCfg = Release|Any CPU
		{3707C78C-DF18-4A32-ADD3-E26B81459DDB}.Ad-Hoc|x64.Build.0 = Release|Any CPU
		{3707C78C-DF18-4A32-ADD3-E26B81459DDB}.Ad-Hoc|x64.Deploy.0 = Release|Any CPU
		{3707C78C-DF18-4A32-ADD3-E26B81459DDB}.Ad-Hoc|x86.ActiveCfg = Release|x86
		{3707C78C-DF18-4A32-ADD3-E26B81459DDB}.Ad-Hoc|x86.Build.0 = Release|x86
		{3707C78C-DF18-4A32-ADD3-E26B81459DDB}.Ad-Hoc|x86.Deploy.0 = Release|x86
		{3707C78C-DF18-4A32-ADD3-E26B81459DDB}.AppStore|Any CPU.ActiveCfg = Release|Any CPU
		{3707C78C-DF18-4A32-ADD3-E26B81459DDB}.AppStore|Any CPU.Build.0 = Release|Any CPU
		{3707C78C-DF18-4A32-ADD3-E26B81459DDB}.AppStore|Any CPU.Deploy.0 = Release|Any CPU
		{3707C78C-DF18-4A32-ADD3-E26B81459DDB}.AppStore|ARM.ActiveCfg = Release|ARM
		{3707C78C-DF18-4A32-ADD3-E26B81459DDB}.AppStore|ARM.Build.0 = Release|ARM
		{3707C78C-DF18-4A32-ADD3-E26B81459DDB}.AppStore|ARM.Deploy.0 = Release|ARM
		{3707C78C-DF18-4A32-ADD3-E26B81459DDB}.AppStore|iPhone.ActiveCfg = Release|Any CPU
		{3707C78C-DF18-4A32-ADD3-E26B81459DDB}.AppStore|iPhone.Build.0 = Release|Any CPU
		{3707C78C-DF18-4A32-ADD3-E26B81459DDB}.AppStore|iPhone.Deploy.0 = Release|Any CPU
		{3707C78C-DF18-4A32-ADD3-E26B81459DDB}.AppStore|iPhoneSimulator.ActiveCfg = Release|Any CPU
		{3707C78C-DF18-4A32-ADD3-E26B81459DDB}.AppStore|iPhoneSimulator.Build.0 = Release|Any CPU
		{3707C78C-DF18-4A32-ADD3-E26B81459DDB}.AppStore|iPhoneSimulator.Deploy.0 = Release|Any CPU
		{3707C78C-DF18-4A32-ADD3-E26B81459DDB}.AppStore|x64.ActiveCfg = Release|Any CPU
		{3707C78C-DF18-4A32-ADD3-E26B81459DDB}.AppStore|x64.Build.0 = Release|Any CPU
		{3707C78C-DF18-4A32-ADD3-E26B81459DDB}.AppStore|x64.Deploy.0 = Release|Any CPU
		{3707C78C-DF18-4A32-ADD3-E26B81459DDB}.AppStore|x86.ActiveCfg = Release|x86
		{3707C78C-DF18-4A32-ADD3-E26B81459DDB}.AppStore|x86.Build.0 = Release|x86
		{3707C78C-DF18-4A32-ADD3-E26B81459DDB}.AppStore|x86.Deploy.0 = Release|x86
		{3707C78C-DF18-4A32-ADD3-E26B81459DDB}.Debug|Any CPU.ActiveCfg = Debug|Any CPU
		{3707C78C-DF18-4A32-ADD3-E26B81459DDB}.Debug|Any CPU.Build.0 = Debug|Any CPU
		{3707C78C-DF18-4A32-ADD3-E26B81459DDB}.Debug|Any CPU.Deploy.0 = Debug|Any CPU
		{3707C78C-DF18-4A32-ADD3-E26B81459DDB}.Debug|ARM.ActiveCfg = Debug|ARM
		{3707C78C-DF18-4A32-ADD3-E26B81459DDB}.Debug|ARM.Build.0 = Debug|ARM
		{3707C78C-DF18-4A32-ADD3-E26B81459DDB}.Debug|ARM.Deploy.0 = Debug|ARM
		{3707C78C-DF18-4A32-ADD3-E26B81459DDB}.Debug|iPhone.ActiveCfg = Debug|Any CPU
		{3707C78C-DF18-4A32-ADD3-E26B81459DDB}.Debug|iPhone.Build.0 = Debug|Any CPU
		{3707C78C-DF18-4A32-ADD3-E26B81459DDB}.Debug|iPhone.Deploy.0 = Debug|Any CPU
		{3707C78C-DF18-4A32-ADD3-E26B81459DDB}.Debug|iPhoneSimulator.ActiveCfg = Debug|Any CPU
		{3707C78C-DF18-4A32-ADD3-E26B81459DDB}.Debug|iPhoneSimulator.Build.0 = Debug|Any CPU
		{3707C78C-DF18-4A32-ADD3-E26B81459DDB}.Debug|iPhoneSimulator.Deploy.0 = Debug|Any CPU
		{3707C78C-DF18-4A32-ADD3-E26B81459DDB}.Debug|x64.ActiveCfg = Debug|Any CPU
		{3707C78C-DF18-4A32-ADD3-E26B81459DDB}.Debug|x64.Build.0 = Debug|Any CPU
		{3707C78C-DF18-4A32-ADD3-E26B81459DDB}.Debug|x64.Deploy.0 = Debug|Any CPU
		{3707C78C-DF18-4A32-ADD3-E26B81459DDB}.Debug|x86.ActiveCfg = Debug|x86
		{3707C78C-DF18-4A32-ADD3-E26B81459DDB}.Debug|x86.Build.0 = Debug|x86
		{3707C78C-DF18-4A32-ADD3-E26B81459DDB}.Debug|x86.Deploy.0 = Debug|x86
		{3707C78C-DF18-4A32-ADD3-E26B81459DDB}.Release|Any CPU.ActiveCfg = Release|Any CPU
		{3707C78C-DF18-4A32-ADD3-E26B81459DDB}.Release|Any CPU.Build.0 = Release|Any CPU
		{3707C78C-DF18-4A32-ADD3-E26B81459DDB}.Release|Any CPU.Deploy.0 = Release|Any CPU
		{3707C78C-DF18-4A32-ADD3-E26B81459DDB}.Release|ARM.ActiveCfg = Release|ARM
		{3707C78C-DF18-4A32-ADD3-E26B81459DDB}.Release|ARM.Build.0 = Release|ARM
		{3707C78C-DF18-4A32-ADD3-E26B81459DDB}.Release|ARM.Deploy.0 = Release|ARM
		{3707C78C-DF18-4A32-ADD3-E26B81459DDB}.Release|iPhone.ActiveCfg = Release|Any CPU
		{3707C78C-DF18-4A32-ADD3-E26B81459DDB}.Release|iPhone.Build.0 = Release|Any CPU
		{3707C78C-DF18-4A32-ADD3-E26B81459DDB}.Release|iPhone.Deploy.0 = Release|Any CPU
		{3707C78C-DF18-4A32-ADD3-E26B81459DDB}.Release|iPhoneSimulator.ActiveCfg = Release|Any CPU
		{3707C78C-DF18-4A32-ADD3-E26B81459DDB}.Release|iPhoneSimulator.Build.0 = Release|Any CPU
		{3707C78C-DF18-4A32-ADD3-E26B81459DDB}.Release|iPhoneSimulator.Deploy.0 = Release|Any CPU
		{3707C78C-DF18-4A32-ADD3-E26B81459DDB}.Release|x64.ActiveCfg = Release|Any CPU
		{3707C78C-DF18-4A32-ADD3-E26B81459DDB}.Release|x64.Build.0 = Release|Any CPU
		{3707C78C-DF18-4A32-ADD3-E26B81459DDB}.Release|x64.Deploy.0 = Release|Any CPU
		{3707C78C-DF18-4A32-ADD3-E26B81459DDB}.Release|x86.ActiveCfg = Release|x86
		{3707C78C-DF18-4A32-ADD3-E26B81459DDB}.Release|x86.Build.0 = Release|x86
		{3707C78C-DF18-4A32-ADD3-E26B81459DDB}.Release|x86.Deploy.0 = Release|x86
		{BFC3CD72-B413-4665-B990-6AE901B3DA63}.Ad-Hoc|Any CPU.ActiveCfg = Release|x86
		{BFC3CD72-B413-4665-B990-6AE901B3DA63}.Ad-Hoc|Any CPU.Build.0 = Release|x86
		{BFC3CD72-B413-4665-B990-6AE901B3DA63}.Ad-Hoc|Any CPU.Deploy.0 = Release|x86
		{BFC3CD72-B413-4665-B990-6AE901B3DA63}.Ad-Hoc|ARM.ActiveCfg = Release|ARM
		{BFC3CD72-B413-4665-B990-6AE901B3DA63}.Ad-Hoc|ARM.Build.0 = Release|ARM
		{BFC3CD72-B413-4665-B990-6AE901B3DA63}.Ad-Hoc|ARM.Deploy.0 = Release|ARM
		{BFC3CD72-B413-4665-B990-6AE901B3DA63}.Ad-Hoc|iPhone.ActiveCfg = Release|x86
		{BFC3CD72-B413-4665-B990-6AE901B3DA63}.Ad-Hoc|iPhone.Build.0 = Release|x86
		{BFC3CD72-B413-4665-B990-6AE901B3DA63}.Ad-Hoc|iPhone.Deploy.0 = Release|x86
		{BFC3CD72-B413-4665-B990-6AE901B3DA63}.Ad-Hoc|iPhoneSimulator.ActiveCfg = Release|x86
		{BFC3CD72-B413-4665-B990-6AE901B3DA63}.Ad-Hoc|iPhoneSimulator.Build.0 = Release|x86
		{BFC3CD72-B413-4665-B990-6AE901B3DA63}.Ad-Hoc|iPhoneSimulator.Deploy.0 = Release|x86
		{BFC3CD72-B413-4665-B990-6AE901B3DA63}.Ad-Hoc|x64.ActiveCfg = Release|x64
		{BFC3CD72-B413-4665-B990-6AE901B3DA63}.Ad-Hoc|x64.Build.0 = Release|x64
		{BFC3CD72-B413-4665-B990-6AE901B3DA63}.Ad-Hoc|x64.Deploy.0 = Release|x64
		{BFC3CD72-B413-4665-B990-6AE901B3DA63}.Ad-Hoc|x86.ActiveCfg = Release|x86
		{BFC3CD72-B413-4665-B990-6AE901B3DA63}.Ad-Hoc|x86.Build.0 = Release|x86
		{BFC3CD72-B413-4665-B990-6AE901B3DA63}.Ad-Hoc|x86.Deploy.0 = Release|x86
		{BFC3CD72-B413-4665-B990-6AE901B3DA63}.AppStore|Any CPU.ActiveCfg = Release|x86
		{BFC3CD72-B413-4665-B990-6AE901B3DA63}.AppStore|Any CPU.Build.0 = Release|x86
		{BFC3CD72-B413-4665-B990-6AE901B3DA63}.AppStore|Any CPU.Deploy.0 = Release|x86
		{BFC3CD72-B413-4665-B990-6AE901B3DA63}.AppStore|ARM.ActiveCfg = Release|ARM
		{BFC3CD72-B413-4665-B990-6AE901B3DA63}.AppStore|ARM.Build.0 = Release|ARM
		{BFC3CD72-B413-4665-B990-6AE901B3DA63}.AppStore|ARM.Deploy.0 = Release|ARM
		{BFC3CD72-B413-4665-B990-6AE901B3DA63}.AppStore|iPhone.ActiveCfg = Release|x86
		{BFC3CD72-B413-4665-B990-6AE901B3DA63}.AppStore|iPhone.Build.0 = Release|x86
		{BFC3CD72-B413-4665-B990-6AE901B3DA63}.AppStore|iPhone.Deploy.0 = Release|x86
		{BFC3CD72-B413-4665-B990-6AE901B3DA63}.AppStore|iPhoneSimulator.ActiveCfg = Release|x86
		{BFC3CD72-B413-4665-B990-6AE901B3DA63}.AppStore|iPhoneSimulator.Build.0 = Release|x86
		{BFC3CD72-B413-4665-B990-6AE901B3DA63}.AppStore|iPhoneSimulator.Deploy.0 = Release|x86
		{BFC3CD72-B413-4665-B990-6AE901B3DA63}.AppStore|x64.ActiveCfg = Release|x64
		{BFC3CD72-B413-4665-B990-6AE901B3DA63}.AppStore|x64.Build.0 = Release|x64
		{BFC3CD72-B413-4665-B990-6AE901B3DA63}.AppStore|x64.Deploy.0 = Release|x64
		{BFC3CD72-B413-4665-B990-6AE901B3DA63}.AppStore|x86.ActiveCfg = Release|x86
		{BFC3CD72-B413-4665-B990-6AE901B3DA63}.AppStore|x86.Build.0 = Release|x86
		{BFC3CD72-B413-4665-B990-6AE901B3DA63}.AppStore|x86.Deploy.0 = Release|x86
		{BFC3CD72-B413-4665-B990-6AE901B3DA63}.Debug|Any CPU.ActiveCfg = Debug|x86
		{BFC3CD72-B413-4665-B990-6AE901B3DA63}.Debug|ARM.ActiveCfg = Debug|ARM
		{BFC3CD72-B413-4665-B990-6AE901B3DA63}.Debug|ARM.Build.0 = Debug|ARM
		{BFC3CD72-B413-4665-B990-6AE901B3DA63}.Debug|ARM.Deploy.0 = Debug|ARM
		{BFC3CD72-B413-4665-B990-6AE901B3DA63}.Debug|iPhone.ActiveCfg = Debug|x86
		{BFC3CD72-B413-4665-B990-6AE901B3DA63}.Debug|iPhoneSimulator.ActiveCfg = Debug|x86
		{BFC3CD72-B413-4665-B990-6AE901B3DA63}.Debug|x64.ActiveCfg = Debug|x64
		{BFC3CD72-B413-4665-B990-6AE901B3DA63}.Debug|x64.Build.0 = Debug|x64
		{BFC3CD72-B413-4665-B990-6AE901B3DA63}.Debug|x64.Deploy.0 = Debug|x64
		{BFC3CD72-B413-4665-B990-6AE901B3DA63}.Debug|x86.ActiveCfg = Debug|x86
		{BFC3CD72-B413-4665-B990-6AE901B3DA63}.Debug|x86.Build.0 = Debug|x86
		{BFC3CD72-B413-4665-B990-6AE901B3DA63}.Debug|x86.Deploy.0 = Debug|x86
		{BFC3CD72-B413-4665-B990-6AE901B3DA63}.Release|Any CPU.ActiveCfg = Release|x86
		{BFC3CD72-B413-4665-B990-6AE901B3DA63}.Release|ARM.ActiveCfg = Release|ARM
		{BFC3CD72-B413-4665-B990-6AE901B3DA63}.Release|ARM.Build.0 = Release|ARM
		{BFC3CD72-B413-4665-B990-6AE901B3DA63}.Release|ARM.Deploy.0 = Release|ARM
		{BFC3CD72-B413-4665-B990-6AE901B3DA63}.Release|iPhone.ActiveCfg = Release|x86
		{BFC3CD72-B413-4665-B990-6AE901B3DA63}.Release|iPhoneSimulator.ActiveCfg = Release|x86
		{BFC3CD72-B413-4665-B990-6AE901B3DA63}.Release|x64.ActiveCfg = Release|x64
		{BFC3CD72-B413-4665-B990-6AE901B3DA63}.Release|x64.Build.0 = Release|x64
		{BFC3CD72-B413-4665-B990-6AE901B3DA63}.Release|x64.Deploy.0 = Release|x64
		{BFC3CD72-B413-4665-B990-6AE901B3DA63}.Release|x86.ActiveCfg = Release|x86
		{BFC3CD72-B413-4665-B990-6AE901B3DA63}.Release|x86.Build.0 = Release|x86
		{BFC3CD72-B413-4665-B990-6AE901B3DA63}.Release|x86.Deploy.0 = Release|x86
		{5DBEF5EB-EF74-462A-9C9A-66BAC58F337A}.Ad-Hoc|Any CPU.ActiveCfg = Release|Any CPU
		{5DBEF5EB-EF74-462A-9C9A-66BAC58F337A}.Ad-Hoc|Any CPU.Build.0 = Release|Any CPU
		{5DBEF5EB-EF74-462A-9C9A-66BAC58F337A}.Ad-Hoc|Any CPU.Deploy.0 = Release|Any CPU
		{5DBEF5EB-EF74-462A-9C9A-66BAC58F337A}.Ad-Hoc|ARM.ActiveCfg = Release|ARM
		{5DBEF5EB-EF74-462A-9C9A-66BAC58F337A}.Ad-Hoc|ARM.Build.0 = Release|ARM
		{5DBEF5EB-EF74-462A-9C9A-66BAC58F337A}.Ad-Hoc|ARM.Deploy.0 = Release|ARM
		{5DBEF5EB-EF74-462A-9C9A-66BAC58F337A}.Ad-Hoc|iPhone.ActiveCfg = Release|Any CPU
		{5DBEF5EB-EF74-462A-9C9A-66BAC58F337A}.Ad-Hoc|iPhone.Build.0 = Release|Any CPU
		{5DBEF5EB-EF74-462A-9C9A-66BAC58F337A}.Ad-Hoc|iPhone.Deploy.0 = Release|Any CPU
		{5DBEF5EB-EF74-462A-9C9A-66BAC58F337A}.Ad-Hoc|iPhoneSimulator.ActiveCfg = Release|Any CPU
		{5DBEF5EB-EF74-462A-9C9A-66BAC58F337A}.Ad-Hoc|iPhoneSimulator.Build.0 = Release|Any CPU
		{5DBEF5EB-EF74-462A-9C9A-66BAC58F337A}.Ad-Hoc|iPhoneSimulator.Deploy.0 = Release|Any CPU
		{5DBEF5EB-EF74-462A-9C9A-66BAC58F337A}.Ad-Hoc|x64.ActiveCfg = Release|x64
		{5DBEF5EB-EF74-462A-9C9A-66BAC58F337A}.Ad-Hoc|x64.Build.0 = Release|x64
		{5DBEF5EB-EF74-462A-9C9A-66BAC58F337A}.Ad-Hoc|x64.Deploy.0 = Release|x64
		{5DBEF5EB-EF74-462A-9C9A-66BAC58F337A}.Ad-Hoc|x86.ActiveCfg = Release|x86
		{5DBEF5EB-EF74-462A-9C9A-66BAC58F337A}.Ad-Hoc|x86.Build.0 = Release|x86
		{5DBEF5EB-EF74-462A-9C9A-66BAC58F337A}.Ad-Hoc|x86.Deploy.0 = Release|x86
		{5DBEF5EB-EF74-462A-9C9A-66BAC58F337A}.AppStore|Any CPU.ActiveCfg = Release|Any CPU
		{5DBEF5EB-EF74-462A-9C9A-66BAC58F337A}.AppStore|Any CPU.Build.0 = Release|Any CPU
		{5DBEF5EB-EF74-462A-9C9A-66BAC58F337A}.AppStore|Any CPU.Deploy.0 = Release|Any CPU
		{5DBEF5EB-EF74-462A-9C9A-66BAC58F337A}.AppStore|ARM.ActiveCfg = Release|ARM
		{5DBEF5EB-EF74-462A-9C9A-66BAC58F337A}.AppStore|ARM.Build.0 = Release|ARM
		{5DBEF5EB-EF74-462A-9C9A-66BAC58F337A}.AppStore|ARM.Deploy.0 = Release|ARM
		{5DBEF5EB-EF74-462A-9C9A-66BAC58F337A}.AppStore|iPhone.ActiveCfg = Release|Any CPU
		{5DBEF5EB-EF74-462A-9C9A-66BAC58F337A}.AppStore|iPhone.Build.0 = Release|Any CPU
		{5DBEF5EB-EF74-462A-9C9A-66BAC58F337A}.AppStore|iPhone.Deploy.0 = Release|Any CPU
		{5DBEF5EB-EF74-462A-9C9A-66BAC58F337A}.AppStore|iPhoneSimulator.ActiveCfg = Release|Any CPU
		{5DBEF5EB-EF74-462A-9C9A-66BAC58F337A}.AppStore|iPhoneSimulator.Build.0 = Release|Any CPU
		{5DBEF5EB-EF74-462A-9C9A-66BAC58F337A}.AppStore|iPhoneSimulator.Deploy.0 = Release|Any CPU
		{5DBEF5EB-EF74-462A-9C9A-66BAC58F337A}.AppStore|x64.ActiveCfg = Release|x64
		{5DBEF5EB-EF74-462A-9C9A-66BAC58F337A}.AppStore|x64.Build.0 = Release|x64
		{5DBEF5EB-EF74-462A-9C9A-66BAC58F337A}.AppStore|x64.Deploy.0 = Release|x64
		{5DBEF5EB-EF74-462A-9C9A-66BAC58F337A}.AppStore|x86.ActiveCfg = Release|x86
		{5DBEF5EB-EF74-462A-9C9A-66BAC58F337A}.AppStore|x86.Build.0 = Release|x86
		{5DBEF5EB-EF74-462A-9C9A-66BAC58F337A}.AppStore|x86.Deploy.0 = Release|x86
		{5DBEF5EB-EF74-462A-9C9A-66BAC58F337A}.Debug|Any CPU.ActiveCfg = Debug|Any CPU
		{5DBEF5EB-EF74-462A-9C9A-66BAC58F337A}.Debug|Any CPU.Build.0 = Debug|Any CPU
		{5DBEF5EB-EF74-462A-9C9A-66BAC58F337A}.Debug|Any CPU.Deploy.0 = Debug|Any CPU
		{5DBEF5EB-EF74-462A-9C9A-66BAC58F337A}.Debug|ARM.ActiveCfg = Debug|ARM
		{5DBEF5EB-EF74-462A-9C9A-66BAC58F337A}.Debug|ARM.Build.0 = Debug|ARM
		{5DBEF5EB-EF74-462A-9C9A-66BAC58F337A}.Debug|ARM.Deploy.0 = Debug|ARM
		{5DBEF5EB-EF74-462A-9C9A-66BAC58F337A}.Debug|iPhone.ActiveCfg = Debug|Any CPU
		{5DBEF5EB-EF74-462A-9C9A-66BAC58F337A}.Debug|iPhone.Build.0 = Debug|Any CPU
		{5DBEF5EB-EF74-462A-9C9A-66BAC58F337A}.Debug|iPhone.Deploy.0 = Debug|Any CPU
		{5DBEF5EB-EF74-462A-9C9A-66BAC58F337A}.Debug|iPhoneSimulator.ActiveCfg = Debug|Any CPU
		{5DBEF5EB-EF74-462A-9C9A-66BAC58F337A}.Debug|iPhoneSimulator.Build.0 = Debug|Any CPU
		{5DBEF5EB-EF74-462A-9C9A-66BAC58F337A}.Debug|iPhoneSimulator.Deploy.0 = Debug|Any CPU
		{5DBEF5EB-EF74-462A-9C9A-66BAC58F337A}.Debug|x64.ActiveCfg = Debug|x64
		{5DBEF5EB-EF74-462A-9C9A-66BAC58F337A}.Debug|x64.Build.0 = Debug|x64
		{5DBEF5EB-EF74-462A-9C9A-66BAC58F337A}.Debug|x64.Deploy.0 = Debug|x64
		{5DBEF5EB-EF74-462A-9C9A-66BAC58F337A}.Debug|x86.ActiveCfg = Debug|x86
		{5DBEF5EB-EF74-462A-9C9A-66BAC58F337A}.Debug|x86.Build.0 = Debug|x86
		{5DBEF5EB-EF74-462A-9C9A-66BAC58F337A}.Debug|x86.Deploy.0 = Debug|x86
		{5DBEF5EB-EF74-462A-9C9A-66BAC58F337A}.Release|Any CPU.ActiveCfg = Release|Any CPU
		{5DBEF5EB-EF74-462A-9C9A-66BAC58F337A}.Release|Any CPU.Build.0 = Release|Any CPU
		{5DBEF5EB-EF74-462A-9C9A-66BAC58F337A}.Release|Any CPU.Deploy.0 = Release|Any CPU
		{5DBEF5EB-EF74-462A-9C9A-66BAC58F337A}.Release|ARM.ActiveCfg = Release|ARM
		{5DBEF5EB-EF74-462A-9C9A-66BAC58F337A}.Release|ARM.Build.0 = Release|ARM
		{5DBEF5EB-EF74-462A-9C9A-66BAC58F337A}.Release|ARM.Deploy.0 = Release|ARM
		{5DBEF5EB-EF74-462A-9C9A-66BAC58F337A}.Release|iPhone.ActiveCfg = Release|Any CPU
		{5DBEF5EB-EF74-462A-9C9A-66BAC58F337A}.Release|iPhone.Build.0 = Release|Any CPU
		{5DBEF5EB-EF74-462A-9C9A-66BAC58F337A}.Release|iPhone.Deploy.0 = Release|Any CPU
		{5DBEF5EB-EF74-462A-9C9A-66BAC58F337A}.Release|iPhoneSimulator.ActiveCfg = Release|Any CPU
		{5DBEF5EB-EF74-462A-9C9A-66BAC58F337A}.Release|iPhoneSimulator.Build.0 = Release|Any CPU
		{5DBEF5EB-EF74-462A-9C9A-66BAC58F337A}.Release|iPhoneSimulator.Deploy.0 = Release|Any CPU
		{5DBEF5EB-EF74-462A-9C9A-66BAC58F337A}.Release|x64.ActiveCfg = Release|x64
		{5DBEF5EB-EF74-462A-9C9A-66BAC58F337A}.Release|x64.Build.0 = Release|x64
		{5DBEF5EB-EF74-462A-9C9A-66BAC58F337A}.Release|x64.Deploy.0 = Release|x64
		{5DBEF5EB-EF74-462A-9C9A-66BAC58F337A}.Release|x86.ActiveCfg = Release|x86
		{5DBEF5EB-EF74-462A-9C9A-66BAC58F337A}.Release|x86.Build.0 = Release|x86
		{5DBEF5EB-EF74-462A-9C9A-66BAC58F337A}.Release|x86.Deploy.0 = Release|x86
		{4311D894-4CF3-473B-997C-C05B74C128A6}.Ad-Hoc|Any CPU.ActiveCfg = Release|Any CPU
		{4311D894-4CF3-473B-997C-C05B74C128A6}.Ad-Hoc|Any CPU.Build.0 = Release|Any CPU
		{4311D894-4CF3-473B-997C-C05B74C128A6}.Ad-Hoc|ARM.ActiveCfg = Release|Any CPU
		{4311D894-4CF3-473B-997C-C05B74C128A6}.Ad-Hoc|ARM.Build.0 = Release|Any CPU
		{4311D894-4CF3-473B-997C-C05B74C128A6}.Ad-Hoc|iPhone.ActiveCfg = Release|Any CPU
		{4311D894-4CF3-473B-997C-C05B74C128A6}.Ad-Hoc|iPhone.Build.0 = Release|Any CPU
		{4311D894-4CF3-473B-997C-C05B74C128A6}.Ad-Hoc|iPhoneSimulator.ActiveCfg = Release|Any CPU
		{4311D894-4CF3-473B-997C-C05B74C128A6}.Ad-Hoc|iPhoneSimulator.Build.0 = Release|Any CPU
		{4311D894-4CF3-473B-997C-C05B74C128A6}.Ad-Hoc|x64.ActiveCfg = Release|Any CPU
		{4311D894-4CF3-473B-997C-C05B74C128A6}.Ad-Hoc|x64.Build.0 = Release|Any CPU
		{4311D894-4CF3-473B-997C-C05B74C128A6}.Ad-Hoc|x86.ActiveCfg = Release|Any CPU
		{4311D894-4CF3-473B-997C-C05B74C128A6}.Ad-Hoc|x86.Build.0 = Release|Any CPU
		{4311D894-4CF3-473B-997C-C05B74C128A6}.AppStore|Any CPU.ActiveCfg = Release|Any CPU
		{4311D894-4CF3-473B-997C-C05B74C128A6}.AppStore|Any CPU.Build.0 = Release|Any CPU
		{4311D894-4CF3-473B-997C-C05B74C128A6}.AppStore|ARM.ActiveCfg = Release|Any CPU
		{4311D894-4CF3-473B-997C-C05B74C128A6}.AppStore|ARM.Build.0 = Release|Any CPU
		{4311D894-4CF3-473B-997C-C05B74C128A6}.AppStore|iPhone.ActiveCfg = Release|Any CPU
		{4311D894-4CF3-473B-997C-C05B74C128A6}.AppStore|iPhone.Build.0 = Release|Any CPU
		{4311D894-4CF3-473B-997C-C05B74C128A6}.AppStore|iPhoneSimulator.ActiveCfg = Release|Any CPU
		{4311D894-4CF3-473B-997C-C05B74C128A6}.AppStore|iPhoneSimulator.Build.0 = Release|Any CPU
		{4311D894-4CF3-473B-997C-C05B74C128A6}.AppStore|x64.ActiveCfg = Release|Any CPU
		{4311D894-4CF3-473B-997C-C05B74C128A6}.AppStore|x64.Build.0 = Release|Any CPU
		{4311D894-4CF3-473B-997C-C05B74C128A6}.AppStore|x86.ActiveCfg = Release|Any CPU
		{4311D894-4CF3-473B-997C-C05B74C128A6}.AppStore|x86.Build.0 = Release|Any CPU
		{4311D894-4CF3-473B-997C-C05B74C128A6}.Debug|Any CPU.ActiveCfg = Debug|Any CPU
		{4311D894-4CF3-473B-997C-C05B74C128A6}.Debug|Any CPU.Build.0 = Debug|Any CPU
		{4311D894-4CF3-473B-997C-C05B74C128A6}.Debug|ARM.ActiveCfg = Debug|Any CPU
		{4311D894-4CF3-473B-997C-C05B74C128A6}.Debug|ARM.Build.0 = Debug|Any CPU
		{4311D894-4CF3-473B-997C-C05B74C128A6}.Debug|iPhone.ActiveCfg = Debug|Any CPU
		{4311D894-4CF3-473B-997C-C05B74C128A6}.Debug|iPhone.Build.0 = Debug|Any CPU
		{4311D894-4CF3-473B-997C-C05B74C128A6}.Debug|iPhoneSimulator.ActiveCfg = Debug|Any CPU
		{4311D894-4CF3-473B-997C-C05B74C128A6}.Debug|iPhoneSimulator.Build.0 = Debug|Any CPU
		{4311D894-4CF3-473B-997C-C05B74C128A6}.Debug|x64.ActiveCfg = Debug|Any CPU
		{4311D894-4CF3-473B-997C-C05B74C128A6}.Debug|x64.Build.0 = Debug|Any CPU
		{4311D894-4CF3-473B-997C-C05B74C128A6}.Debug|x86.ActiveCfg = Debug|Any CPU
		{4311D894-4CF3-473B-997C-C05B74C128A6}.Debug|x86.Build.0 = Debug|Any CPU
		{4311D894-4CF3-473B-997C-C05B74C128A6}.Release|Any CPU.ActiveCfg = Release|Any CPU
		{4311D894-4CF3-473B-997C-C05B74C128A6}.Release|Any CPU.Build.0 = Release|Any CPU
		{4311D894-4CF3-473B-997C-C05B74C128A6}.Release|ARM.ActiveCfg = Release|Any CPU
		{4311D894-4CF3-473B-997C-C05B74C128A6}.Release|ARM.Build.0 = Release|Any CPU
		{4311D894-4CF3-473B-997C-C05B74C128A6}.Release|iPhone.ActiveCfg = Release|Any CPU
		{4311D894-4CF3-473B-997C-C05B74C128A6}.Release|iPhone.Build.0 = Release|Any CPU
		{4311D894-4CF3-473B-997C-C05B74C128A6}.Release|iPhoneSimulator.ActiveCfg = Release|Any CPU
		{4311D894-4CF3-473B-997C-C05B74C128A6}.Release|iPhoneSimulator.Build.0 = Release|Any CPU
		{4311D894-4CF3-473B-997C-C05B74C128A6}.Release|x64.ActiveCfg = Release|Any CPU
		{4311D894-4CF3-473B-997C-C05B74C128A6}.Release|x64.Build.0 = Release|Any CPU
		{4311D894-4CF3-473B-997C-C05B74C128A6}.Release|x86.ActiveCfg = Release|Any CPU
		{4311D894-4CF3-473B-997C-C05B74C128A6}.Release|x86.Build.0 = Release|Any CPU
		{B38A707A-D223-4CC0-A468-BA7AEAC1B08C}.Ad-Hoc|Any CPU.ActiveCfg = Release|Any CPU
		{B38A707A-D223-4CC0-A468-BA7AEAC1B08C}.Ad-Hoc|Any CPU.Build.0 = Release|Any CPU
		{B38A707A-D223-4CC0-A468-BA7AEAC1B08C}.Ad-Hoc|ARM.ActiveCfg = Release|Any CPU
		{B38A707A-D223-4CC0-A468-BA7AEAC1B08C}.Ad-Hoc|ARM.Build.0 = Release|Any CPU
		{B38A707A-D223-4CC0-A468-BA7AEAC1B08C}.Ad-Hoc|iPhone.ActiveCfg = Release|Any CPU
		{B38A707A-D223-4CC0-A468-BA7AEAC1B08C}.Ad-Hoc|iPhone.Build.0 = Release|Any CPU
		{B38A707A-D223-4CC0-A468-BA7AEAC1B08C}.Ad-Hoc|iPhoneSimulator.ActiveCfg = Release|Any CPU
		{B38A707A-D223-4CC0-A468-BA7AEAC1B08C}.Ad-Hoc|iPhoneSimulator.Build.0 = Release|Any CPU
		{B38A707A-D223-4CC0-A468-BA7AEAC1B08C}.Ad-Hoc|x64.ActiveCfg = Release|Any CPU
		{B38A707A-D223-4CC0-A468-BA7AEAC1B08C}.Ad-Hoc|x64.Build.0 = Release|Any CPU
		{B38A707A-D223-4CC0-A468-BA7AEAC1B08C}.Ad-Hoc|x86.ActiveCfg = Release|Any CPU
		{B38A707A-D223-4CC0-A468-BA7AEAC1B08C}.Ad-Hoc|x86.Build.0 = Release|Any CPU
		{B38A707A-D223-4CC0-A468-BA7AEAC1B08C}.AppStore|Any CPU.ActiveCfg = Release|Any CPU
		{B38A707A-D223-4CC0-A468-BA7AEAC1B08C}.AppStore|Any CPU.Build.0 = Release|Any CPU
		{B38A707A-D223-4CC0-A468-BA7AEAC1B08C}.AppStore|ARM.ActiveCfg = Release|Any CPU
		{B38A707A-D223-4CC0-A468-BA7AEAC1B08C}.AppStore|ARM.Build.0 = Release|Any CPU
		{B38A707A-D223-4CC0-A468-BA7AEAC1B08C}.AppStore|iPhone.ActiveCfg = Release|Any CPU
		{B38A707A-D223-4CC0-A468-BA7AEAC1B08C}.AppStore|iPhone.Build.0 = Release|Any CPU
		{B38A707A-D223-4CC0-A468-BA7AEAC1B08C}.AppStore|iPhoneSimulator.ActiveCfg = Release|Any CPU
		{B38A707A-D223-4CC0-A468-BA7AEAC1B08C}.AppStore|iPhoneSimulator.Build.0 = Release|Any CPU
		{B38A707A-D223-4CC0-A468-BA7AEAC1B08C}.AppStore|x64.ActiveCfg = Release|Any CPU
		{B38A707A-D223-4CC0-A468-BA7AEAC1B08C}.AppStore|x64.Build.0 = Release|Any CPU
		{B38A707A-D223-4CC0-A468-BA7AEAC1B08C}.AppStore|x86.ActiveCfg = Release|Any CPU
		{B38A707A-D223-4CC0-A468-BA7AEAC1B08C}.AppStore|x86.Build.0 = Release|Any CPU
		{B38A707A-D223-4CC0-A468-BA7AEAC1B08C}.Debug|Any CPU.ActiveCfg = Debug|Any CPU
		{B38A707A-D223-4CC0-A468-BA7AEAC1B08C}.Debug|Any CPU.Build.0 = Debug|Any CPU
		{B38A707A-D223-4CC0-A468-BA7AEAC1B08C}.Debug|ARM.ActiveCfg = Debug|Any CPU
		{B38A707A-D223-4CC0-A468-BA7AEAC1B08C}.Debug|ARM.Build.0 = Debug|Any CPU
		{B38A707A-D223-4CC0-A468-BA7AEAC1B08C}.Debug|iPhone.ActiveCfg = Debug|Any CPU
		{B38A707A-D223-4CC0-A468-BA7AEAC1B08C}.Debug|iPhone.Build.0 = Debug|Any CPU
		{B38A707A-D223-4CC0-A468-BA7AEAC1B08C}.Debug|iPhoneSimulator.ActiveCfg = Debug|Any CPU
		{B38A707A-D223-4CC0-A468-BA7AEAC1B08C}.Debug|iPhoneSimulator.Build.0 = Debug|Any CPU
		{B38A707A-D223-4CC0-A468-BA7AEAC1B08C}.Debug|x64.ActiveCfg = Debug|Any CPU
		{B38A707A-D223-4CC0-A468-BA7AEAC1B08C}.Debug|x64.Build.0 = Debug|Any CPU
		{B38A707A-D223-4CC0-A468-BA7AEAC1B08C}.Debug|x86.ActiveCfg = Debug|Any CPU
		{B38A707A-D223-4CC0-A468-BA7AEAC1B08C}.Debug|x86.Build.0 = Debug|Any CPU
		{B38A707A-D223-4CC0-A468-BA7AEAC1B08C}.Release|Any CPU.ActiveCfg = Release|Any CPU
		{B38A707A-D223-4CC0-A468-BA7AEAC1B08C}.Release|Any CPU.Build.0 = Release|Any CPU
		{B38A707A-D223-4CC0-A468-BA7AEAC1B08C}.Release|ARM.ActiveCfg = Release|Any CPU
		{B38A707A-D223-4CC0-A468-BA7AEAC1B08C}.Release|ARM.Build.0 = Release|Any CPU
		{B38A707A-D223-4CC0-A468-BA7AEAC1B08C}.Release|iPhone.ActiveCfg = Release|Any CPU
		{B38A707A-D223-4CC0-A468-BA7AEAC1B08C}.Release|iPhone.Build.0 = Release|Any CPU
		{B38A707A-D223-4CC0-A468-BA7AEAC1B08C}.Release|iPhoneSimulator.ActiveCfg = Release|Any CPU
		{B38A707A-D223-4CC0-A468-BA7AEAC1B08C}.Release|iPhoneSimulator.Build.0 = Release|Any CPU
		{B38A707A-D223-4CC0-A468-BA7AEAC1B08C}.Release|x64.ActiveCfg = Release|Any CPU
		{B38A707A-D223-4CC0-A468-BA7AEAC1B08C}.Release|x64.Build.0 = Release|Any CPU
		{B38A707A-D223-4CC0-A468-BA7AEAC1B08C}.Release|x86.ActiveCfg = Release|Any CPU
		{B38A707A-D223-4CC0-A468-BA7AEAC1B08C}.Release|x86.Build.0 = Release|Any CPU
	EndGlobalSection
	GlobalSection(SolutionProperties) = preSolution
		HideSolutionNode = FALSE
	EndGlobalSection
	GlobalSection(NestedProjects) = preSolution
		{4311D894-4CF3-473B-997C-C05B74C128A6} = {A2E15D90-72CF-44C8-8B32-D0EB31C5F0BF}
		{B38A707A-D223-4CC0-A468-BA7AEAC1B08C} = {A2E15D90-72CF-44C8-8B32-D0EB31C5F0BF}
	EndGlobalSection
EndGlobal
